// !$*UTF8*$!
{
	archiveVersion = 1;
	classes = {
	};
	objectVersion = 50;
	objects = {

/* Begin PBXBuildFile section */
		636C23D4266985C700933A00 /* AppDelegate.swift in Sources */ = {isa = PBXBuildFile; fileRef = 636C23D3266985C700933A00 /* AppDelegate.swift */; };
		636C23D6266985C700933A00 /* SceneDelegate.swift in Sources */ = {isa = PBXBuildFile; fileRef = 636C23D5266985C700933A00 /* SceneDelegate.swift */; };
		636C23D8266985C700933A00 /* DetailsView.swift in Sources */ = {isa = PBXBuildFile; fileRef = 636C23D7266985C700933A00 /* DetailsView.swift */; };
		636C23DA266985C900933A00 /* Assets.xcassets in Resources */ = {isa = PBXBuildFile; fileRef = 636C23D9266985C900933A00 /* Assets.xcassets */; };
		636C23DD266985C900933A00 /* Preview Assets.xcassets in Resources */ = {isa = PBXBuildFile; fileRef = 636C23DC266985C900933A00 /* Preview Assets.xcassets */; };
		636C23E0266985C900933A00 /* LaunchScreen.storyboard in Resources */ = {isa = PBXBuildFile; fileRef = 636C23DE266985C900933A00 /* LaunchScreen.storyboard */; };
		636C23E82669866F00933A00 /* LandmarkModel.swift in Sources */ = {isa = PBXBuildFile; fileRef = 636C23E72669866F00933A00 /* LandmarkModel.swift */; };
		636C23EA26698ADA00933A00 /* MapView.swift in Sources */ = {isa = PBXBuildFile; fileRef = 636C23E926698ADA00933A00 /* MapView.swift */; };
		63AF94DD266A1E7A000A4326 /* CircleImageView.swift in Sources */ = {isa = PBXBuildFile; fileRef = 63AF94DC266A1E7A000A4326 /* CircleImageView.swift */; };
		63AF94DF266A3F9B000A4326 /* LandmarkListView.swift in Sources */ = {isa = PBXBuildFile; fileRef = 63AF94DE266A3F9B000A4326 /* LandmarkListView.swift */; };
		63AF94E1266A42C7000A4326 /* LandmarkListRow.swift in Sources */ = {isa = PBXBuildFile; fileRef = 63AF94E0266A42C7000A4326 /* LandmarkListRow.swift */; };
		63AF94E3266A432C000A4326 /* LandmarkListRowImage.swift in Sources */ = {isa = PBXBuildFile; fileRef = 63AF94E2266A432C000A4326 /* LandmarkListRowImage.swift */; };
/* End PBXBuildFile section */

/* Begin PBXFileReference section */
		636C23D0266985C700933A00 /* LandmarkBookSwiftUI.app */ = {isa = PBXFileReference; explicitFileType = wrapper.application; includeInIndex = 0; path = LandmarkBookSwiftUI.app; sourceTree = BUILT_PRODUCTS_DIR; };
		636C23D3266985C700933A00 /* AppDelegate.swift */ = {isa = PBXFileReference; lastKnownFileType = sourcecode.swift; path = AppDelegate.swift; sourceTree = "<group>"; };
		636C23D5266985C700933A00 /* SceneDelegate.swift */ = {isa = PBXFileReference; lastKnownFileType = sourcecode.swift; path = SceneDelegate.swift; sourceTree = "<group>"; };
		636C23D7266985C700933A00 /* DetailsView.swift */ = {isa = PBXFileReference; lastKnownFileType = sourcecode.swift; path = DetailsView.swift; sourceTree = "<group>"; };
		636C23D9266985C900933A00 /* Assets.xcassets */ = {isa = PBXFileReference; lastKnownFileType = folder.assetcatalog; path = Assets.xcassets; sourceTree = "<group>"; };
		636C23DC266985C900933A00 /* Preview Assets.xcassets */ = {isa = PBXFileReference; lastKnownFileType = folder.assetcatalog; path = "Preview Assets.xcassets"; sourceTree = "<group>"; };
		636C23DF266985C900933A00 /* Base */ = {isa = PBXFileReference; lastKnownFileType = file.storyboard; name = Base; path = Base.lproj/LaunchScreen.storyboard; sourceTree = "<group>"; };
		636C23E1266985C900933A00 /* Info.plist */ = {isa = PBXFileReference; lastKnownFileType = text.plist.xml; path = Info.plist; sourceTree = "<group>"; };
		636C23E72669866F00933A00 /* LandmarkModel.swift */ = {isa = PBXFileReference; lastKnownFileType = sourcecode.swift; path = LandmarkModel.swift; sourceTree = "<group>"; };
		636C23E926698ADA00933A00 /* MapView.swift */ = {isa = PBXFileReference; lastKnownFileType = sourcecode.swift; path = MapView.swift; sourceTree = "<group>"; };
		63AF94DC266A1E7A000A4326 /* CircleImageView.swift */ = {isa = PBXFileReference; lastKnownFileType = sourcecode.swift; path = CircleImageView.swift; sourceTree = "<group>"; };
		63AF94DE266A3F9B000A4326 /* LandmarkListView.swift */ = {isa = PBXFileReference; lastKnownFileType = sourcecode.swift; path = LandmarkListView.swift; sourceTree = "<group>"; };
		63AF94E0266A42C7000A4326 /* LandmarkListRow.swift */ = {isa = PBXFileReference; lastKnownFileType = sourcecode.swift; path = LandmarkListRow.swift; sourceTree = "<group>"; };
		63AF94E2266A432C000A4326 /* LandmarkListRowImage.swift */ = {isa = PBXFileReference; lastKnownFileType = sourcecode.swift; path = LandmarkListRowImage.swift; sourceTree = "<group>"; };
/* End PBXFileReference section */

/* Begin PBXFrameworksBuildPhase section */
		636C23CD266985C700933A00 /* Frameworks */ = {
			isa = PBXFrameworksBuildPhase;
			buildActionMask = 2147483647;
			files = (
			);
			runOnlyForDeploymentPostprocessing = 0;
		};
/* End PBXFrameworksBuildPhase section */

/* Begin PBXGroup section */
		636C23C7266985C700933A00 = {
			isa = PBXGroup;
			children = (
				636C23D2266985C700933A00 /* LandmarkBookSwiftUI */,
				636C23D1266985C700933A00 /* Products */,
			);
			sourceTree = "<group>";
		};
		636C23D1266985C700933A00 /* Products */ = {
			isa = PBXGroup;
			children = (
				636C23D0266985C700933A00 /* LandmarkBookSwiftUI.app */,
			);
			name = Products;
			sourceTree = "<group>";
		};
		636C23D2266985C700933A00 /* LandmarkBookSwiftUI */ = {
			isa = PBXGroup;
			children = (
				636C23D3266985C700933A00 /* AppDelegate.swift */,
				636C23D5266985C700933A00 /* SceneDelegate.swift */,
				636C23D7266985C700933A00 /* DetailsView.swift */,
				636C23D9266985C900933A00 /* Assets.xcassets */,
				636C23DE266985C900933A00 /* LaunchScreen.storyboard */,
				636C23E1266985C900933A00 /* Info.plist */,
				636C23DB266985C900933A00 /* Preview Content */,
				636C23E72669866F00933A00 /* LandmarkModel.swift */,
				636C23E926698ADA00933A00 /* MapView.swift */,
				63AF94DC266A1E7A000A4326 /* CircleImageView.swift */,
				63AF94DE266A3F9B000A4326 /* LandmarkListView.swift */,
				63AF94E0266A42C7000A4326 /* LandmarkListRow.swift */,
				63AF94E2266A432C000A4326 /* LandmarkListRowImage.swift */,
			);
			path = LandmarkBookSwiftUI;
			sourceTree = "<group>";
		};
		636C23DB266985C900933A00 /* Preview Content */ = {
			isa = PBXGroup;
			children = (
				636C23DC266985C900933A00 /* Preview Assets.xcassets */,
			);
			path = "Preview Content";
			sourceTree = "<group>";
		};
/* End PBXGroup section */

/* Begin PBXNativeTarget section */
		636C23CF266985C700933A00 /* LandmarkBookSwiftUI */ = {
			isa = PBXNativeTarget;
			buildConfigurationList = 636C23E4266985C900933A00 /* Build configuration list for PBXNativeTarget "LandmarkBookSwiftUI" */;
			buildPhases = (
				636C23CC266985C700933A00 /* Sources */,
				636C23CD266985C700933A00 /* Frameworks */,
				636C23CE266985C700933A00 /* Resources */,
			);
			buildRules = (
			);
			dependencies = (
			);
			name = LandmarkBookSwiftUI;
			productName = LandmarkBookSwiftUI;
			productReference = 636C23D0266985C700933A00 /* LandmarkBookSwiftUI.app */;
			productType = "com.apple.product-type.application";
		};
/* End PBXNativeTarget section */

/* Begin PBXProject section */
		636C23C8266985C700933A00 /* Project object */ = {
			isa = PBXProject;
			attributes = {
				LastSwiftUpdateCheck = 1250;
				LastUpgradeCheck = 1250;
				TargetAttributes = {
					636C23CF266985C700933A00 = {
						CreatedOnToolsVersion = 12.5;
					};
				};
			};
			buildConfigurationList = 636C23CB266985C700933A00 /* Build configuration list for PBXProject "LandmarkBookSwiftUI" */;
			compatibilityVersion = "Xcode 9.3";
			developmentRegion = en;
			hasScannedForEncodings = 0;
			knownRegions = (
				en,
				Base,
			);
			mainGroup = 636C23C7266985C700933A00;
			productRefGroup = 636C23D1266985C700933A00 /* Products */;
			projectDirPath = "";
			projectRoot = "";
			targets = (
				636C23CF266985C700933A00 /* LandmarkBookSwiftUI */,
			);
		};
/* End PBXProject section */

/* Begin PBXResourcesBuildPhase section */
		636C23CE266985C700933A00 /* Resources */ = {
			isa = PBXResourcesBuildPhase;
			buildActionMask = 2147483647;
			files = (
				636C23E0266985C900933A00 /* LaunchScreen.storyboard in Resources */,
				636C23DD266985C900933A00 /* Preview Assets.xcassets in Resources */,
				636C23DA266985C900933A00 /* Assets.xcassets in Resources */,
			);
			runOnlyForDeploymentPostprocessing = 0;
		};
/* End PBXResourcesBuildPhase section */

/* Begin PBXSourcesBuildPhase section */
		636C23CC266985C700933A00 /* Sources */ = {
			isa = PBXSourcesBuildPhase;
			buildActionMask = 2147483647;
			files = (
				636C23D4266985C700933A00 /* AppDelegate.swift in Sources */,
				636C23E82669866F00933A00 /* LandmarkModel.swift in Sources */,
				636C23EA26698ADA00933A00 /* MapView.swift in Sources */,
				63AF94E3266A432C000A4326 /* LandmarkListRowImage.swift in Sources */,
				636C23D6266985C700933A00 /* SceneDelegate.swift in Sources */,
				63AF94DD266A1E7A000A4326 /* CircleImageView.swift in Sources */,
				63AF94DF266A3F9B000A4326 /* LandmarkListView.swift in Sources */,
				63AF94E1266A42C7000A4326 /* LandmarkListRow.swift in Sources */,
				636C23D8266985C700933A00 /* DetailsView.swift in Sources */,
			);
			runOnlyForDeploymentPostprocessing = 0;
		};
/* End PBXSourcesBuildPhase section */

/* Begin PBXVariantGroup section */
		636C23DE266985C900933A00 /* LaunchScreen.storyboard */ = {
			isa = PBXVariantGroup;
			children = (
				636C23DF266985C900933A00 /* Base */,
			);
			name = LaunchScreen.storyboard;
			sourceTree = "<group>";
		};
/* End PBXVariantGroup section */

/* Begin XCBuildConfiguration section */
		636C23E2266985C900933A00 /* Debug */ = {
			isa = XCBuildConfiguration;
			buildSettings = {
				ALWAYS_SEARCH_USER_PATHS = NO;
				CLANG_ANALYZER_NONNULL = YES;
				CLANG_ANALYZER_NUMBER_OBJECT_CONVERSION = YES_AGGRESSIVE;
				CLANG_CXX_LANGUAGE_STANDARD = "gnu++14";
				CLANG_CXX_LIBRARY = "libc++";
				CLANG_ENABLE_MODULES = YES;
				CLANG_ENABLE_OBJC_ARC = YES;
				CLANG_ENABLE_OBJC_WEAK = YES;
				CLANG_WARN_BLOCK_CAPTURE_AUTORELEASING = YES;
				CLANG_WARN_BOOL_CONVERSION = YES;
				CLANG_WARN_COMMA = YES;
				CLANG_WARN_CONSTANT_CONVERSION = YES;
				CLANG_WARN_DEPRECATED_OBJC_IMPLEMENTATIONS = YES;
				CLANG_WARN_DIRECT_OBJC_ISA_USAGE = YES_ERROR;
				CLANG_WARN_DOCUMENTATION_COMMENTS = YES;
				CLANG_WARN_EMPTY_BODY = YES;
				CLANG_WARN_ENUM_CONVERSION = YES;
				CLANG_WARN_INFINITE_RECURSION = YES;
				CLANG_WARN_INT_CONVERSION = YES;
				CLANG_WARN_NON_LITERAL_NULL_CONVERSION = YES;
				CLANG_WARN_OBJC_IMPLICIT_RETAIN_SELF = YES;
				CLANG_WARN_OBJC_LITERAL_CONVERSION = YES;
				CLANG_WARN_OBJC_ROOT_CLASS = YES_ERROR;
				CLANG_WARN_QUOTED_INCLUDE_IN_FRAMEWORK_HEADER = YES;
				CLANG_WARN_RANGE_LOOP_ANALYSIS = YES;
				CLANG_WARN_STRICT_PROTOTYPES = YES;
				CLANG_WARN_SUSPICIOUS_MOVE = YES;
				CLANG_WARN_UNGUARDED_AVAILABILITY = YES_AGGRESSIVE;
				CLANG_WARN_UNREACHABLE_CODE = YES;
				CLANG_WARN__DUPLICATE_METHOD_MATCH = YES;
				COPY_PHASE_STRIP = NO;
				DEBUG_INFORMATION_FORMAT = dwarf;
				ENABLE_STRICT_OBJC_MSGSEND = YES;
				ENABLE_TESTABILITY = YES;
				GCC_C_LANGUAGE_STANDARD = gnu11;
				GCC_DYNAMIC_NO_PIC = NO;
				GCC_NO_COMMON_BLOCKS = YES;
				GCC_OPTIMIZATION_LEVEL = 0;
				GCC_PREPROCESSOR_DEFINITIONS = (
					"DEBUG=1",
					"$(inherited)",
				);
				GCC_WARN_64_TO_32_BIT_CONVERSION = YES;
				GCC_WARN_ABOUT_RETURN_TYPE = YES_ERROR;
				GCC_WARN_UNDECLARED_SELECTOR = YES;
				GCC_WARN_UNINITIALIZED_AUTOS = YES_AGGRESSIVE;
				GCC_WARN_UNUSED_FUNCTION = YES;
				GCC_WARN_UNUSED_VARIABLE = YES;
				IPHONEOS_DEPLOYMENT_TARGET = 14.5;
				MTL_ENABLE_DEBUG_INFO = INCLUDE_SOURCE;
				MTL_FAST_MATH = YES;
				ONLY_ACTIVE_ARCH = YES;
				SDKROOT = iphoneos;
				SWIFT_ACTIVE_COMPILATION_CONDITIONS = DEBUG;
				SWIFT_OPTIMIZATION_LEVEL = "-Onone";
			};
			name = Debug;
		};
		636C23E3266985C900933A00 /* Release */ = {
			isa = XCBuildConfiguration;
			buildSettings = {
				ALWAYS_SEARCH_USER_PATHS = NO;
				CLANG_ANALYZER_NONNULL = YES;
				CLANG_ANALYZER_NUMBER_OBJECT_CONVERSION = YES_AGGRESSIVE;
				CLANG_CXX_LANGUAGE_STANDARD = "gnu++14";
				CLANG_CXX_LIBRARY = "libc++";
				CLANG_ENABLE_MODULES = YES;
				CLANG_ENABLE_OBJC_ARC = YES;
				CLANG_ENABLE_OBJC_WEAK = YES;
				CLANG_WARN_BLOCK_CAPTURE_AUTORELEASING = YES;
				CLANG_WARN_BOOL_CONVERSION = YES;
				CLANG_WARN_COMMA = YES;
				CLANG_WARN_CONSTANT_CONVERSION = YES;
				CLANG_WARN_DEPRECATED_OBJC_IMPLEMENTATIONS = YES;
				CLANG_WARN_DIRECT_OBJC_ISA_USAGE = YES_ERROR;
				CLANG_WARN_DOCUMENTATION_COMMENTS = YES;
				CLANG_WARN_EMPTY_BODY = YES;
				CLANG_WARN_ENUM_CONVERSION = YES;
				CLANG_WARN_INFINITE_RECURSION = YES;
				CLANG_WARN_INT_CONVERSION = YES;
				CLANG_WARN_NON_LITERAL_NULL_CONVERSION = YES;
				CLANG_WARN_OBJC_IMPLICIT_RETAIN_SELF = YES;
				CLANG_WARN_OBJC_LITERAL_CONVERSION = YES;
				CLANG_WARN_OBJC_ROOT_CLASS = YES_ERROR;
				CLANG_WARN_QUOTED_INCLUDE_IN_FRAMEWORK_HEADER = YES;
				CLANG_WARN_RANGE_LOOP_ANALYSIS = YES;
				CLANG_WARN_STRICT_PROTOTYPES = YES;
				CLANG_WARN_SUSPICIOUS_MOVE = YES;
				CLANG_WARN_UNGUARDED_AVAILABILITY = YES_AGGRESSIVE;
				CLANG_WARN_UNREACHABLE_CODE = YES;
				CLANG_WARN__DUPLICATE_METHOD_MATCH = YES;
				COPY_PHASE_STRIP = NO;
				DEBUG_INFORMATION_FORMAT = "dwarf-with-dsym";
				ENABLE_NS_ASSERTIONS = NO;
				ENABLE_STRICT_OBJC_MSGSEND = YES;
				GCC_C_LANGUAGE_STANDARD = gnu11;
				GCC_NO_COMMON_BLOCKS = YES;
				GCC_WARN_64_TO_32_BIT_CONVERSION = YES;
				GCC_WARN_ABOUT_RETURN_TYPE = YES_ERROR;
				GCC_WARN_UNDECLARED_SELECTOR = YES;
				GCC_WARN_UNINITIALIZED_AUTOS = YES_AGGRESSIVE;
				GCC_WARN_UNUSED_FUNCTION = YES;
				GCC_WARN_UNUSED_VARIABLE = YES;
				IPHONEOS_DEPLOYMENT_TARGET = 14.5;
				MTL_ENABLE_DEBUG_INFO = NO;
				MTL_FAST_MATH = YES;
				SDKROOT = iphoneos;
				SWIFT_COMPILATION_MODE = wholemodule;
				SWIFT_OPTIMIZATION_LEVEL = "-O";
				VALIDATE_PRODUCT = YES;
			};
			name = Release;
		};
		636C23E5266985C900933A00 /* Debug */ = {
			isa = XCBuildConfiguration;
			buildSettings = {
				ASSETCATALOG_COMPILER_APPICON_NAME = AppIcon;
				ASSETCATALOG_COMPILER_GLOBAL_ACCENT_COLOR_NAME = AccentColor;
				CODE_SIGN_STYLE = Automatic;
				DEVELOPMENT_ASSET_PATHS = "\"LandmarkBookSwiftUI/Preview Content\"";
				DEVELOPMENT_TEAM = KCSKA4UM96;
				ENABLE_PREVIEWS = YES;
				INFOPLIST_FILE = LandmarkBookSwiftUI/Info.plist;
				LD_RUNPATH_SEARCH_PATHS = (
					"$(inherited)",
					"@executable_path/Frameworks",
				);
				PRODUCT_BUNDLE_IDENTIFIER = com.thedruid.LandmarkBookSwiftUI;
				PRODUCT_NAME = "$(TARGET_NAME)";
				SWIFT_VERSION = 5.0;
				TARGETED_DEVICE_FAMILY = "1,2";
			};
			name = Debug;
		};
		636C23E6266985C900933A00 /* Release */ = {
			isa = XCBuildConfiguration;
			buildSettings = {
				ASSETCATALOG_COMPILER_APPICON_NAME = AppIcon;
				ASSETCATALOG_COMPILER_GLOBAL_ACCENT_COLOR_NAME = AccentColor;
				CODE_SIGN_STYLE = Automatic;
				DEVELOPMENT_ASSET_PATHS = "\"LandmarkBookSwiftUI/Preview Content\"";
				DEVELOPMENT_TEAM = KCSKA4UM96;
				ENABLE_PREVIEWS = YES;
				INFOPLIST_FILE = LandmarkBookSwiftUI/Info.plist;
				LD_RUNPATH_SEARCH_PATHS = (
					"$(inherited)",
					"@executable_path/Frameworks",
				);
				PRODUCT_BUNDLE_IDENTIFIER = com.thedruid.LandmarkBookSwiftUI;
				PRODUCT_NAME = "$(TARGET_NAME)";
				SWIFT_VERSION = 5.0;
				TARGETED_DEVICE_FAMILY = "1,2";
			};
			name = Release;
		};
/* End XCBuildConfiguration section */

/* Begin XCConfigurationList section */
		636C23CB266985C700933A00 /* Build configuration list for PBXProject "LandmarkBookSwiftUI" */ = {
			isa = XCConfigurationList;
			buildConfigurations = (
				636C23E2266985C900933A00 /* Debug */,
				636C23E3266985C900933A00 /* Release */,
			);
			defaultConfigurationIsVisible = 0;
			defaultConfigurationName = Release;
		};
		636C23E4266985C900933A00 /* Build configuration list for PBXNativeTarget "LandmarkBookSwiftUI" */ = {
			isa = XCConfigurationList;
			buildConfigurations = (
				636C23E5266985C900933A00 /* Debug */,
				636C23E6266985C900933A00 /* Release */,
			);
			defaultConfigurationIsVisible = 0;
			defaultConfigurationName = Release;
		};
/* End XCConfigurationList section */
	};
	rootObject = 636C23C8266985C700933A00 /* Project object */;
}
